{
  "name": "eod",
  "lockfileVersion": 3,
  "requires": true,
  "packages": {
    "": {
      "dependencies": {
        "ascii-fireworks": "^1.0.4"
      }
    },
    "node_modules/ascii-fireworks": {
      "version": "1.0.4",
      "resolved": "https://registry.npmjs.org/ascii-fireworks/-/ascii-fireworks-1.0.4.tgz",
      "integrity": "sha512-Hz4NlhS4Dkknqjy8A+jbjUKDYX2amnQTqdBMJ2vNjkgE6WKV3BySDzntEnZKIEge8MsDEKD04RmtSt29LhbQww=="
    }
  }
}
